github.com/farmergreg/rfsnotify v0.0.0-20200716145600-b37be6e4177f h1:sRiluoTSaqFH+5cK4AsNX5ttFij+chr0Gj/HG/FkNGs=
github.com/farmergreg/rfsnotify v0.0.0-20200716145600-b37be6e4177f/go.mod h1:aRnKN8Geq81irQ1fxWr8sMkv9HY8GXn91Y82yKAfdD4=
golang.org/x/sys v0.0.0-20201029020603-3518587229cd h1:P0elK2flZ4nI7pbp/jc6cpwcu4AuKbiqH9avBwy++Ik=
golang.org/x/sys v0.0.0-20201029020603-3518587229cd/go.mod h1:h1NjWce9XRLGQEsW7wpKNCjG9DtNlClVuFLEZdDNbEs=
gopkg.in/fsnotify.v1 v1.4.7 h1:xOHLXZwVvI9hhs+cLKq5+I5onOuwQLhQwiu63xxlHs4=
gopkg.in/fsnotify.v1 v1.4.7/go.mod h1:Tz8NjZHkW78fSQdbUxIjBTcgA1z1m8ZHf0WmKUhAMys=
